{
    "_readme": [
        "This file locks the dependencies of your project to a known state",
        "Read more about it at https://getcomposer.org/doc/01-basic-usage.md#installing-dependencies",
        "This file is @generated automatically"
    ],
    "content-hash": "cf5290f029c32613b79203a59a6cf5ea",
    "packages": [
        {
            "name": "mongdch/gaia-framework",
            "version": "1.2.6",
            "source": {
                "type": "git",
                "url": "https://github.com/MonGDCH/gaia-framework.git",
                "reference": "b0966f5b45bec29f89de66cd56b666edf4d867d7"
            },
            "dist": {
                "type": "zip",
                "url": "https://api.github.com/repos/MonGDCH/gaia-framework/zipball/b0966f5b45bec29f89de66cd56b666edf4d867d7",
                "reference": "b0966f5b45bec29f89de66cd56b666edf4d867d7",
                "shasum": ""
            },
            "require": {
                "mongdch/mon-console": "^1.1",
                "mongdch/mon-env": "^1.1",
                "mongdch/mon-log": "^1.0",
                "mongdch/mon-util": "^1.5",
                "php": ">=7.4.0",
                "workerman/workerman": "^4.1 || ^5.1"
            },
            "type": "library",
            "autoload": {
                "psr-4": {
                    "gaia\\": "src/"
                }
            },
            "notification-url": "https://packagist.org/downloads/",
            "license": [
                "MIT"
            ],
            "authors": [
                {
                    "name": "Mon",
                    "email": "985558837@qq.com",
                    "homepage": "https://github.com/MonGDCH",
                    "role": "Developer"
                }
            ],
            "description": "The Gaia Framework core",
            "homepage": "https://github.com/MonGDCH",
            "keywords": [
                "High Performance",
                "mon",
                "multi process",
                "workerman"
            ],
            "support": {
                "issues": "https://github.com/MonGDCH/gaia-framework/issues",
                "source": "https://github.com/MonGDCH/gaia-framework/tree/1.2.6"
            },
            "time": "2025-12-11T03:37:19+00:00"
        },
        {
            "name": "mongdch/mon-console",
            "version": "1.1.6",
            "source": {
                "type": "git",
                "url": "https://github.com/MonGDCH/mon-console.git",
                "reference": "5ae58ec768af68fcd8e3494d8fa6a6f4f26a203e"
            },
            "dist": {
                "type": "zip",
                "url": "https://api.github.com/repos/MonGDCH/mon-console/zipball/5ae58ec768af68fcd8e3494d8fa6a6f4f26a203e",
                "reference": "5ae58ec768af68fcd8e3494d8fa6a6f4f26a203e",
                "shasum": ""
            },
            "require": {
                "php": ">=7.2"
            },
            "type": "library",
            "autoload": {
                "psr-4": {
                    "mon\\console\\": "src/"
                }
            },
            "notification-url": "https://packagist.org/downloads/",
            "license": [
                "MIT"
            ],
            "authors": [
                {
                    "name": "MonGDCH",
                    "email": "985558837@qq.com"
                }
            ],
            "description": "the php console utils.",
            "keywords": [
                "cli",
                "console",
                "mon"
            ],
            "support": {
                "issues": "https://github.com/MonGDCH/mon-console/issues",
                "source": "https://github.com/MonGDCH/mon-console/tree/1.1.6"
            },
            "time": "2025-12-11T03:26:43+00:00"
        },
        {
            "name": "mongdch/mon-env",
            "version": "1.1.2",
            "source": {
                "type": "git",
                "url": "https://github.com/MonGDCH/mon-env.git",
                "reference": "0aa7e2a48f5738048b222015e6f82593d850964f"
            },
            "dist": {
                "type": "zip",
                "url": "https://api.github.com/repos/MonGDCH/mon-env/zipball/0aa7e2a48f5738048b222015e6f82593d850964f",
                "reference": "0aa7e2a48f5738048b222015e6f82593d850964f",
                "shasum": ""
            },
            "require": {
                "php": ">=5.6.0"
            },
            "type": "library",
            "autoload": {
                "psr-4": {
                    "mon\\env\\": "src/"
                }
            },
            "notification-url": "https://packagist.org/downloads/",
            "license": [
                "MIT"
            ],
            "authors": [
                {
                    "name": "MonGDCH",
                    "email": "985558837@qq.com"
                }
            ],
            "description": "The php env config utils.",
            "keywords": [
                "config",
                "env"
            ],
            "support": {
                "issues": "https://github.com/MonGDCH/mon-env/issues",
                "source": "https://github.com/MonGDCH/mon-env/tree/1.1.2"
            },
            "time": "2023-11-23T09:03:29+00:00"
        },
        {
            "name": "mongdch/mon-log",
            "version": "1.0.6",
            "source": {
                "type": "git",
                "url": "https://github.com/MonGDCH/mon-log.git",
                "reference": "8188d3cb8b41730e5510c26b7507bf4666e80930"
            },
            "dist": {
                "type": "zip",
                "url": "https://api.github.com/repos/MonGDCH/mon-log/zipball/8188d3cb8b41730e5510c26b7507bf4666e80930",
                "reference": "8188d3cb8b41730e5510c26b7507bf4666e80930",
                "shasum": ""
            },
            "require": {
                "php": ">=7.0.0",
                "psr/log": ">=1.1"
            },
            "type": "library",
            "autoload": {
                "psr-4": {
                    "mon\\log\\": "src/"
                }
            },
            "notification-url": "https://packagist.org/downloads/",
            "license": [
                "MIT"
            ],
            "authors": [
                {
                    "name": "Mon",
                    "email": "985558837@qq.com",
                    "homepage": "http://www.gdmon.com/",
                    "role": "Developer"
                }
            ],
            "description": "The Logger Utils for PSR-3.",
            "homepage": "http://gdmon.com/",
            "keywords": [
                "log",
                "logger",
                "psr-3"
            ],
            "support": {
                "issues": "https://github.com/MonGDCH/mon-log/issues",
                "source": "https://github.com/MonGDCH/mon-log/tree/1.0.6"
            },
            "time": "2025-06-14T09:39:31+00:00"
        },
        {
            "name": "mongdch/mon-util",
            "version": "1.6.5",
            "source": {
                "type": "git",
                "url": "https://github.com/MonGDCH/mon-util.git",
                "reference": "397aa96c06bf1c9ff4092855d8dedfcd89e99837"
            },
            "dist": {
                "type": "zip",
                "url": "https://api.github.com/repos/MonGDCH/mon-util/zipball/397aa96c06bf1c9ff4092855d8dedfcd89e99837",
                "reference": "397aa96c06bf1c9ff4092855d8dedfcd89e99837",
                "shasum": ""
            },
            "require": {
                "php": ">=7.2.0",
                "psr/container": "^2.0.0"
            },
            "type": "library",
            "autoload": {
                "files": [
                    "src/helpers.php"
                ],
                "psr-4": {
                    "mon\\util\\": "src/"
                }
            },
            "notification-url": "https://packagist.org/downloads/",
            "license": [
                "Apache-2.0"
            ],
            "authors": [
                {
                    "name": "Mon",
                    "email": "985558837@qq.com",
                    "homepage": "https://github.com/MonGDCH",
                    "role": "Developer"
                }
            ],
            "description": "常用的PHP工具类库，包含了各种各式各样的工具，如：容器、时间、验证器、多语言、图片处理、二维码生成、IP地址解析、文件操作、数据安全、数据字典等等等等。。。",
            "homepage": "https://github.com/MonGDCH",
            "keywords": [
                "mon",
                "tool",
                "util"
            ],
            "support": {
                "issues": "https://github.com/MonGDCH/mon-util/issues",
                "source": "https://github.com/MonGDCH/mon-util/tree/1.6.5"
            },
            "time": "2025-12-09T08:41:32+00:00"
        },
        {
            "name": "psr/container",
            "version": "2.0.2",
            "source": {
                "type": "git",
                "url": "https://github.com/php-fig/container.git",
                "reference": "c71ecc56dfe541dbd90c5360474fbc405f8d5963"
            },
            "dist": {
                "type": "zip",
                "url": "https://api.github.com/repos/php-fig/container/zipball/c71ecc56dfe541dbd90c5360474fbc405f8d5963",
                "reference": "c71ecc56dfe541dbd90c5360474fbc405f8d5963",
                "shasum": ""
            },
            "require": {
                "php": ">=7.4.0"
            },
            "type": "library",
            "extra": {
                "branch-alias": {
                    "dev-master": "2.0.x-dev"
                }
            },
            "autoload": {
                "psr-4": {
                    "Psr\\Container\\": "src/"
                }
            },
            "notification-url": "https://packagist.org/downloads/",
            "license": [
                "MIT"
            ],
            "authors": [
                {
                    "name": "PHP-FIG",
                    "homepage": "https://www.php-fig.org/"
                }
            ],
            "description": "Common Container Interface (PHP FIG PSR-11)",
            "homepage": "https://github.com/php-fig/container",
            "keywords": [
                "PSR-11",
                "container",
                "container-interface",
                "container-interop",
                "psr"
            ],
            "support": {
                "issues": "https://github.com/php-fig/container/issues",
                "source": "https://github.com/php-fig/container/tree/2.0.2"
            },
            "time": "2021-11-05T16:47:00+00:00"
        },
        {
            "name": "psr/log",
            "version": "3.0.2",
            "source": {
                "type": "git",
                "url": "https://github.com/php-fig/log.git",
                "reference": "f16e1d5863e37f8d8c2a01719f5b34baa2b714d3"
            },
            "dist": {
                "type": "zip",
                "url": "https://api.github.com/repos/php-fig/log/zipball/f16e1d5863e37f8d8c2a01719f5b34baa2b714d3",
                "reference": "f16e1d5863e37f8d8c2a01719f5b34baa2b714d3",
                "shasum": ""
            },
            "require": {
                "php": ">=8.0.0"
            },
            "type": "library",
            "extra": {
                "branch-alias": {
                    "dev-master": "3.x-dev"
                }
            },
            "autoload": {
                "psr-4": {
                    "Psr\\Log\\": "src"
                }
            },
            "notification-url": "https://packagist.org/downloads/",
            "license": [
                "MIT"
            ],
            "authors": [
                {
                    "name": "PHP-FIG",
                    "homepage": "https://www.php-fig.org/"
                }
            ],
            "description": "Common interface for logging libraries",
            "homepage": "https://github.com/php-fig/log",
            "keywords": [
                "log",
                "psr",
                "psr-3"
            ],
            "support": {
                "source": "https://github.com/php-fig/log/tree/3.0.2"
            },
            "time": "2024-09-11T13:17:53+00:00"
        },
        {
            "name": "workerman/coroutine",
            "version": "v1.1.4",
            "source": {
                "type": "git",
                "url": "https://github.com/workerman-php/coroutine.git",
                "reference": "b0bebfa9d41b992ad0a835ddf2ee8fa5d58eca44"
            },
            "dist": {
                "type": "zip",
                "url": "https://api.github.com/repos/workerman-php/coroutine/zipball/b0bebfa9d41b992ad0a835ddf2ee8fa5d58eca44",
                "reference": "b0bebfa9d41b992ad0a835ddf2ee8fa5d58eca44",
                "shasum": ""
            },
            "require": {
                "php": ">=8.1"
            },
            "require-dev": {
                "phpunit/phpunit": "^11.0",
                "psr/log": "*"
            },
            "type": "library",
            "autoload": {
                "psr-4": {
                    "Workerman\\": "src",
                    "Workerman\\Coroutine\\": "src"
                }
            },
            "notification-url": "https://packagist.org/downloads/",
            "license": [
                "MIT"
            ],
            "description": "Workerman coroutine",
            "support": {
                "issues": "https://github.com/workerman-php/coroutine/issues",
                "source": "https://github.com/workerman-php/coroutine/tree/v1.1.4"
            },
            "time": "2025-10-11T15:09:08+00:00"
        },
        {
            "name": "workerman/workerman",
            "version": "v5.1.6",
            "source": {
                "type": "git",
                "url": "https://github.com/walkor/workerman.git",
                "reference": "9b83bdf9fd0eaff9419a240b47da870447583112"
            },
            "dist": {
                "type": "zip",
                "url": "https://api.github.com/repos/walkor/workerman/zipball/9b83bdf9fd0eaff9419a240b47da870447583112",
                "reference": "9b83bdf9fd0eaff9419a240b47da870447583112",
                "shasum": ""
            },
            "require": {
                "ext-json": "*",
                "php": ">=8.1",
                "workerman/coroutine": "^1.1 || dev-main"
            },
            "conflict": {
                "ext-swow": "<v1.0.0"
            },
            "require-dev": {
                "guzzlehttp/guzzle": "^7.0",
                "mockery/mockery": "2.0.x-dev",
                "pestphp/pest": "2.x-dev",
                "phpstan/phpstan": "2.1.x-dev"
            },
            "suggest": {
                "ext-event": "For better performance. "
            },
            "type": "library",
            "autoload": {
                "psr-4": {
                    "Workerman\\": "src"
                }
            },
            "notification-url": "https://packagist.org/downloads/",
            "license": [
                "MIT"
            ],
            "authors": [
                {
                    "name": "walkor",
                    "email": "walkor@workerman.net",
                    "homepage": "https://www.workerman.net",
                    "role": "Developer"
                }
            ],
            "description": "An asynchronous event driven PHP framework for easily building fast, scalable network applications.",
            "homepage": "https://www.workerman.net",
            "keywords": [
                "asynchronous",
                "event-loop",
                "framework",
                "http"
            ],
            "support": {
                "email": "walkor@workerman.net",
                "forum": "https://www.workerman.net/questions",
                "issues": "https://github.com/walkor/workerman/issues",
                "source": "https://github.com/walkor/workerman",
                "wiki": "https://www.workerman.net/doc/workerman/"
            },
            "funding": [
                {
                    "url": "https://opencollective.com/workerman",
                    "type": "open_collective"
                },
                {
                    "url": "https://www.patreon.com/walkor",
                    "type": "patreon"
                }
            ],
            "time": "2025-11-12T01:36:20+00:00"
        }
    ],
    "packages-dev": [],
    "aliases": [],
    "minimum-stability": "stable",
    "stability-flags": {},
    "prefer-stable": false,
    "prefer-lowest": false,
    "platform": {
        "php": ">=7.4"
    },
    "platform-dev": {},
    "plugin-api-version": "2.6.0"
}
