{
    "_readme": [
        "This file locks the dependencies of your project to a known state",
        "Read more about it at https://getcomposer.org/doc/01-basic-usage.md#installing-dependencies",
        "This file is @generated automatically"
    ],
    "content-hash": "71cb3dc9b09c2e138ee585fe0bc7495b",
    "packages": [
        {
            "name": "mongdch/gaia-framework",
            "version": "dev-master",
            "source": {
                "type": "git",
                "url": "https://github.com/MonGDCH/gaia-framework.git",
                "reference": "f5c2bee577d180d5c1ef0faf8da686f0c64eca11"
            },
            "dist": {
                "type": "zip",
                "url": "https://api.github.com/repos/MonGDCH/gaia-framework/zipball/f5c2bee577d180d5c1ef0faf8da686f0c64eca11",
                "reference": "f5c2bee577d180d5c1ef0faf8da686f0c64eca11",
                "shasum": ""
            },
            "require": {
                "mongdch/mon-console": "^1.1",
                "mongdch/mon-env": "^1.1",
                "mongdch/mon-util": "dev-master",
                "php": ">=7.0.0",
                "workerman/workerman": "^4.1"
            },
            "default-branch": true,
            "type": "library",
            "autoload": {
                "psr-4": {
                    "gaia\\": "src/"
                }
            },
            "notification-url": "https://packagist.org/downloads/",
            "license": [
                "MIT"
            ],
            "authors": [
                {
                    "name": "Mon",
                    "email": "985558837@qq.com",
                    "homepage": "http://www.gdmon.com/",
                    "role": "Developer"
                }
            ],
            "description": "The Gaia Framework core",
            "homepage": "http://gdmon.com/",
            "keywords": [
                "High Performance",
                "mon",
                "multi process",
                "workerman"
            ],
            "support": {
                "issues": "https://github.com/MonGDCH/gaia-framework/issues",
                "source": "https://github.com/MonGDCH/gaia-framework/tree/master"
            },
            "time": "2022-09-01T03:30:00+00:00"
        },
        {
            "name": "mongdch/mon-console",
            "version": "1.1.1",
            "source": {
                "type": "git",
                "url": "https://github.com/MonGDCH/mon-console.git",
                "reference": "9ac01b997c25d0b019fe895c112184056f494304"
            },
            "dist": {
                "type": "zip",
                "url": "https://api.github.com/repos/MonGDCH/mon-console/zipball/9ac01b997c25d0b019fe895c112184056f494304",
                "reference": "9ac01b997c25d0b019fe895c112184056f494304",
                "shasum": ""
            },
            "require": {
                "php": ">=7.0"
            },
            "type": "library",
            "autoload": {
                "psr-4": {
                    "mon\\console\\": "src/"
                }
            },
            "notification-url": "https://packagist.org/downloads/",
            "license": [
                "MIT"
            ],
            "authors": [
                {
                    "name": "MonGDCH",
                    "email": "985558837@qq.com"
                }
            ],
            "description": "the php console utils.",
            "keywords": [
                "cli",
                "console",
                "mon"
            ],
            "support": {
                "issues": "https://github.com/MonGDCH/mon-console/issues",
                "source": "https://github.com/MonGDCH/mon-console/tree/1.1.1"
            },
            "time": "2022-08-31T07:15:25+00:00"
        },
        {
            "name": "mongdch/mon-env",
            "version": "1.1.0",
            "source": {
                "type": "git",
                "url": "https://github.com/MonGDCH/mon-env.git",
                "reference": "5291e80c7c1832683ce81a1d02a3c3e91a3a4366"
            },
            "dist": {
                "type": "zip",
                "url": "https://api.github.com/repos/MonGDCH/mon-env/zipball/5291e80c7c1832683ce81a1d02a3c3e91a3a4366",
                "reference": "5291e80c7c1832683ce81a1d02a3c3e91a3a4366",
                "shasum": ""
            },
            "require": {
                "php": ">=5.6.0"
            },
            "type": "library",
            "autoload": {
                "psr-4": {
                    "mon\\env\\": "src/"
                }
            },
            "notification-url": "https://packagist.org/downloads/",
            "license": [
                "MIT"
            ],
            "authors": [
                {
                    "name": "MonGDCH",
                    "email": "985558837@qq.com"
                }
            ],
            "description": "The php env config utils.",
            "keywords": [
                "config",
                "env"
            ],
            "support": {
                "issues": "https://github.com/MonGDCH/mon-env/issues",
                "source": "https://github.com/MonGDCH/mon-env/tree/1.1.0"
            },
            "time": "2022-08-17T09:01:36+00:00"
        },
        {
            "name": "mongdch/mon-util",
            "version": "dev-master",
            "source": {
                "type": "git",
                "url": "https://github.com/MonGDCH/mon-util.git",
                "reference": "8e087adc011ab4fb9291ff2d076bd90afe4930ae"
            },
            "dist": {
                "type": "zip",
                "url": "https://api.github.com/repos/MonGDCH/mon-util/zipball/8e087adc011ab4fb9291ff2d076bd90afe4930ae",
                "reference": "8e087adc011ab4fb9291ff2d076bd90afe4930ae",
                "shasum": ""
            },
            "require": {
                "php": ">=5.6.0",
                "psr/container": "1.0.0",
                "psr/log": "^1.1"
            },
            "default-branch": true,
            "type": "library",
            "autoload": {
                "files": [
                    "src/functions.php"
                ],
                "psr-4": {
                    "mon\\util\\": "src/"
                }
            },
            "notification-url": "https://packagist.org/downloads/",
            "license": [
                "Apache-2.0"
            ],
            "authors": [
                {
                    "name": "MonGDCH",
                    "email": "985558837@qq.com"
                }
            ],
            "description": "常用的PHP工具类库，包含了各种各式各样的工具，如：容器、时间、验证器、多语言、图片、二维码、IP地址、文件上传、文件操作、加解密、数据字典、各种算法等等等等。。。",
            "homepage": "http://www.gdmon.com",
            "keywords": [
                "mon",
                "tool",
                "util"
            ],
            "support": {
                "issues": "https://github.com/MonGDCH/mon-util/issues",
                "source": "https://github.com/MonGDCH/mon-util/tree/master"
            },
            "time": "2022-09-01T02:49:04+00:00"
        },
        {
            "name": "psr/container",
            "version": "1.0.0",
            "source": {
                "type": "git",
                "url": "https://github.com/php-fig/container.git",
                "reference": "b7ce3b176482dbbc1245ebf52b181af44c2cf55f"
            },
            "dist": {
                "type": "zip",
                "url": "https://api.github.com/repos/php-fig/container/zipball/b7ce3b176482dbbc1245ebf52b181af44c2cf55f",
                "reference": "b7ce3b176482dbbc1245ebf52b181af44c2cf55f",
                "shasum": ""
            },
            "require": {
                "php": ">=5.3.0"
            },
            "type": "library",
            "extra": {
                "branch-alias": {
                    "dev-master": "1.0.x-dev"
                }
            },
            "autoload": {
                "psr-4": {
                    "Psr\\Container\\": "src/"
                }
            },
            "notification-url": "https://packagist.org/downloads/",
            "license": [
                "MIT"
            ],
            "authors": [
                {
                    "name": "PHP-FIG",
                    "homepage": "http://www.php-fig.org/"
                }
            ],
            "description": "Common Container Interface (PHP FIG PSR-11)",
            "homepage": "https://github.com/php-fig/container",
            "keywords": [
                "PSR-11",
                "container",
                "container-interface",
                "container-interop",
                "psr"
            ],
            "support": {
                "issues": "https://github.com/php-fig/container/issues",
                "source": "https://github.com/php-fig/container/tree/master"
            },
            "time": "2017-02-14T16:28:37+00:00"
        },
        {
            "name": "psr/log",
            "version": "1.1.4",
            "source": {
                "type": "git",
                "url": "https://github.com/php-fig/log.git",
                "reference": "d49695b909c3b7628b6289db5479a1c204601f11"
            },
            "dist": {
                "type": "zip",
                "url": "https://api.github.com/repos/php-fig/log/zipball/d49695b909c3b7628b6289db5479a1c204601f11",
                "reference": "d49695b909c3b7628b6289db5479a1c204601f11",
                "shasum": ""
            },
            "require": {
                "php": ">=5.3.0"
            },
            "type": "library",
            "extra": {
                "branch-alias": {
                    "dev-master": "1.1.x-dev"
                }
            },
            "autoload": {
                "psr-4": {
                    "Psr\\Log\\": "Psr/Log/"
                }
            },
            "notification-url": "https://packagist.org/downloads/",
            "license": [
                "MIT"
            ],
            "authors": [
                {
                    "name": "PHP-FIG",
                    "homepage": "https://www.php-fig.org/"
                }
            ],
            "description": "Common interface for logging libraries",
            "homepage": "https://github.com/php-fig/log",
            "keywords": [
                "log",
                "psr",
                "psr-3"
            ],
            "support": {
                "source": "https://github.com/php-fig/log/tree/1.1.4"
            },
            "time": "2021-05-03T11:20:27+00:00"
        },
        {
            "name": "workerman/workerman",
            "version": "4.1.x-dev",
            "source": {
                "type": "git",
                "url": "https://github.com/walkor/workerman.git",
                "reference": "88ddf517e5c35bee072b2e453c4fcca0c6f1e59a"
            },
            "dist": {
                "type": "zip",
                "url": "https://api.github.com/repos/walkor/workerman/zipball/88ddf517e5c35bee072b2e453c4fcca0c6f1e59a",
                "reference": "88ddf517e5c35bee072b2e453c4fcca0c6f1e59a",
                "shasum": ""
            },
            "require": {
                "php": ">=7.0"
            },
            "suggest": {
                "ext-event": "For better performance. "
            },
            "type": "library",
            "autoload": {
                "psr-4": {
                    "Workerman\\": "./"
                }
            },
            "notification-url": "https://packagist.org/downloads/",
            "license": [
                "MIT"
            ],
            "authors": [
                {
                    "name": "walkor",
                    "email": "walkor@workerman.net",
                    "homepage": "http://www.workerman.net",
                    "role": "Developer"
                }
            ],
            "description": "An asynchronous event driven PHP framework for easily building fast, scalable network applications.",
            "homepage": "http://www.workerman.net",
            "keywords": [
                "asynchronous",
                "event-loop"
            ],
            "support": {
                "email": "walkor@workerman.net",
                "forum": "http://wenda.workerman.net/",
                "issues": "https://github.com/walkor/workerman/issues",
                "source": "https://github.com/walkor/workerman",
                "wiki": "http://doc.workerman.net/"
            },
            "funding": [
                {
                    "url": "https://opencollective.com/workerman",
                    "type": "open_collective"
                },
                {
                    "url": "https://www.patreon.com/walkor",
                    "type": "patreon"
                }
            ],
            "time": "2022-08-20T10:16:22+00:00"
        }
    ],
    "packages-dev": [],
    "aliases": [],
    "minimum-stability": "dev",
    "stability-flags": {
        "mongdch/gaia-framework": 20
    },
    "prefer-stable": false,
    "prefer-lowest": false,
    "platform": {
        "php": ">=7.0.0"
    },
    "platform-dev": [],
    "plugin-api-version": "2.2.0"
}
