{
    "_readme": [
        "This file locks the dependencies of your project to a known state",
        "Read more about it at https://getcomposer.org/doc/01-basic-usage.md#installing-dependencies",
        "This file is @generated automatically"
    ],
    "content-hash": "32ccb35634d093ebd2f8184a17c2ddba",
    "packages": [
        {
            "name": "mongdch/gaia-framework",
            "version": "1.0.3",
            "source": {
                "type": "git",
                "url": "https://github.com/MonGDCH/gaia-framework.git",
                "reference": "c932156183c48efbf9cf79208a22c863ee388b15"
            },
            "dist": {
                "type": "zip",
                "url": "https://api.github.com/repos/MonGDCH/gaia-framework/zipball/c932156183c48efbf9cf79208a22c863ee388b15",
                "reference": "c932156183c48efbf9cf79208a22c863ee388b15",
                "shasum": ""
            },
            "require": {
                "mongdch/mon-console": "^1.1",
                "mongdch/mon-env": "^1.1",
                "mongdch/mon-log": "^1.0",
                "mongdch/mon-util": "^1.3",
                "php": ">=7.2.0",
                "workerman/workerman": "^4.1"
            },
            "type": "library",
            "autoload": {
                "psr-4": {
                    "gaia\\": "src/"
                }
            },
            "notification-url": "https://packagist.org/downloads/",
            "license": [
                "MIT"
            ],
            "authors": [
                {
                    "name": "Mon",
                    "email": "985558837@qq.com",
                    "homepage": "http://www.gdmon.com/",
                    "role": "Developer"
                }
            ],
            "description": "The Gaia Framework core",
            "homepage": "http://gdmon.com/",
            "keywords": [
                "High Performance",
                "mon",
                "multi process",
                "workerman"
            ],
            "support": {
                "issues": "https://github.com/MonGDCH/gaia-framework/issues",
                "source": "https://github.com/MonGDCH/gaia-framework/tree/1.0.3"
            },
            "time": "2022-09-27T05:59:31+00:00"
        },
        {
            "name": "mongdch/mon-console",
            "version": "1.1.1",
            "source": {
                "type": "git",
                "url": "https://github.com/MonGDCH/mon-console.git",
                "reference": "9ac01b997c25d0b019fe895c112184056f494304"
            },
            "dist": {
                "type": "zip",
                "url": "https://api.github.com/repos/MonGDCH/mon-console/zipball/9ac01b997c25d0b019fe895c112184056f494304",
                "reference": "9ac01b997c25d0b019fe895c112184056f494304",
                "shasum": ""
            },
            "require": {
                "php": ">=7.0"
            },
            "type": "library",
            "autoload": {
                "psr-4": {
                    "mon\\console\\": "src/"
                }
            },
            "notification-url": "https://packagist.org/downloads/",
            "license": [
                "MIT"
            ],
            "authors": [
                {
                    "name": "MonGDCH",
                    "email": "985558837@qq.com"
                }
            ],
            "description": "the php console utils.",
            "keywords": [
                "cli",
                "console",
                "mon"
            ],
            "support": {
                "issues": "https://github.com/MonGDCH/mon-console/issues",
                "source": "https://github.com/MonGDCH/mon-console/tree/1.1.1"
            },
            "time": "2022-08-31T07:15:25+00:00"
        },
        {
            "name": "mongdch/mon-env",
            "version": "1.1.0",
            "source": {
                "type": "git",
                "url": "https://github.com/MonGDCH/mon-env.git",
                "reference": "5291e80c7c1832683ce81a1d02a3c3e91a3a4366"
            },
            "dist": {
                "type": "zip",
                "url": "https://api.github.com/repos/MonGDCH/mon-env/zipball/5291e80c7c1832683ce81a1d02a3c3e91a3a4366",
                "reference": "5291e80c7c1832683ce81a1d02a3c3e91a3a4366",
                "shasum": ""
            },
            "require": {
                "php": ">=5.6.0"
            },
            "type": "library",
            "autoload": {
                "psr-4": {
                    "mon\\env\\": "src/"
                }
            },
            "notification-url": "https://packagist.org/downloads/",
            "license": [
                "MIT"
            ],
            "authors": [
                {
                    "name": "MonGDCH",
                    "email": "985558837@qq.com"
                }
            ],
            "description": "The php env config utils.",
            "keywords": [
                "config",
                "env"
            ],
            "support": {
                "issues": "https://github.com/MonGDCH/mon-env/issues",
                "source": "https://github.com/MonGDCH/mon-env/tree/1.1.0"
            },
            "time": "2022-08-17T09:01:36+00:00"
        },
        {
            "name": "mongdch/mon-log",
            "version": "1.0.3",
            "source": {
                "type": "git",
                "url": "https://github.com/MonGDCH/mon-log.git",
                "reference": "45686950c4b88e3fa97190cc4e48d7516245fdc0"
            },
            "dist": {
                "type": "zip",
                "url": "https://api.github.com/repos/MonGDCH/mon-log/zipball/45686950c4b88e3fa97190cc4e48d7516245fdc0",
                "reference": "45686950c4b88e3fa97190cc4e48d7516245fdc0",
                "shasum": ""
            },
            "require": {
                "php": ">=7.0.0",
                "psr/log": "^1.1"
            },
            "type": "library",
            "autoload": {
                "psr-4": {
                    "mon\\log\\": "src/"
                }
            },
            "notification-url": "https://packagist.org/downloads/",
            "license": [
                "MIT"
            ],
            "authors": [
                {
                    "name": "Mon",
                    "email": "985558837@qq.com",
                    "homepage": "http://www.gdmon.com/",
                    "role": "Developer"
                }
            ],
            "description": "The Logger Utils for PSR-3.",
            "homepage": "http://gdmon.com/",
            "keywords": [
                "log",
                "logger",
                "psr-3"
            ],
            "support": {
                "issues": "https://github.com/MonGDCH/mon-log/issues",
                "source": "https://github.com/MonGDCH/mon-log/tree/1.0.3"
            },
            "time": "2022-10-10T03:02:04+00:00"
        },
        {
            "name": "mongdch/mon-util",
            "version": "1.4.2",
            "source": {
                "type": "git",
                "url": "https://github.com/MonGDCH/mon-util.git",
                "reference": "05c1aaaef786ba496a1a9230b75a6463bc848fac"
            },
            "dist": {
                "type": "zip",
                "url": "https://api.github.com/repos/MonGDCH/mon-util/zipball/05c1aaaef786ba496a1a9230b75a6463bc848fac",
                "reference": "05c1aaaef786ba496a1a9230b75a6463bc848fac",
                "shasum": ""
            },
            "require": {
                "php": ">=5.6.0",
                "psr/container": "1.0.0"
            },
            "type": "library",
            "autoload": {
                "files": [
                    "src/functions.php"
                ],
                "psr-4": {
                    "mon\\util\\": "src/"
                }
            },
            "notification-url": "https://packagist.org/downloads/",
            "license": [
                "Apache-2.0"
            ],
            "authors": [
                {
                    "name": "MonGDCH",
                    "email": "985558837@qq.com"
                }
            ],
            "description": "常用的PHP工具类库，包含了各种各式各样的工具，如：容器、时间、验证器、多语言、图片处理、二维码生成、IP地址解析、文文件操作、数据安全、数据字典等等等等。。。",
            "homepage": "http://www.gdmon.com",
            "keywords": [
                "mon",
                "tool",
                "util"
            ],
            "support": {
                "issues": "https://github.com/MonGDCH/mon-util/issues",
                "source": "https://github.com/MonGDCH/mon-util/tree/1.4.2"
            },
            "time": "2022-09-28T09:00:47+00:00"
        },
        {
            "name": "psr/container",
            "version": "1.0.0",
            "source": {
                "type": "git",
                "url": "https://github.com/php-fig/container.git",
                "reference": "b7ce3b176482dbbc1245ebf52b181af44c2cf55f"
            },
            "dist": {
                "type": "zip",
                "url": "https://api.github.com/repos/php-fig/container/zipball/b7ce3b176482dbbc1245ebf52b181af44c2cf55f",
                "reference": "b7ce3b176482dbbc1245ebf52b181af44c2cf55f",
                "shasum": ""
            },
            "require": {
                "php": ">=5.3.0"
            },
            "type": "library",
            "extra": {
                "branch-alias": {
                    "dev-master": "1.0.x-dev"
                }
            },
            "autoload": {
                "psr-4": {
                    "Psr\\Container\\": "src/"
                }
            },
            "notification-url": "https://packagist.org/downloads/",
            "license": [
                "MIT"
            ],
            "authors": [
                {
                    "name": "PHP-FIG",
                    "homepage": "http://www.php-fig.org/"
                }
            ],
            "description": "Common Container Interface (PHP FIG PSR-11)",
            "homepage": "https://github.com/php-fig/container",
            "keywords": [
                "PSR-11",
                "container",
                "container-interface",
                "container-interop",
                "psr"
            ],
            "support": {
                "issues": "https://github.com/php-fig/container/issues",
                "source": "https://github.com/php-fig/container/tree/master"
            },
            "time": "2017-02-14T16:28:37+00:00"
        },
        {
            "name": "psr/log",
            "version": "1.1.4",
            "source": {
                "type": "git",
                "url": "https://github.com/php-fig/log.git",
                "reference": "d49695b909c3b7628b6289db5479a1c204601f11"
            },
            "dist": {
                "type": "zip",
                "url": "https://api.github.com/repos/php-fig/log/zipball/d49695b909c3b7628b6289db5479a1c204601f11",
                "reference": "d49695b909c3b7628b6289db5479a1c204601f11",
                "shasum": ""
            },
            "require": {
                "php": ">=5.3.0"
            },
            "type": "library",
            "extra": {
                "branch-alias": {
                    "dev-master": "1.1.x-dev"
                }
            },
            "autoload": {
                "psr-4": {
                    "Psr\\Log\\": "Psr/Log/"
                }
            },
            "notification-url": "https://packagist.org/downloads/",
            "license": [
                "MIT"
            ],
            "authors": [
                {
                    "name": "PHP-FIG",
                    "homepage": "https://www.php-fig.org/"
                }
            ],
            "description": "Common interface for logging libraries",
            "homepage": "https://github.com/php-fig/log",
            "keywords": [
                "log",
                "psr",
                "psr-3"
            ],
            "support": {
                "source": "https://github.com/php-fig/log/tree/1.1.4"
            },
            "time": "2021-05-03T11:20:27+00:00"
        },
        {
            "name": "workerman/workerman",
            "version": "v4.1.4",
            "source": {
                "type": "git",
                "url": "https://github.com/walkor/workerman.git",
                "reference": "83e007acf936e2233ac92d7368b87716f2bae338"
            },
            "dist": {
                "type": "zip",
                "url": "https://api.github.com/repos/walkor/workerman/zipball/83e007acf936e2233ac92d7368b87716f2bae338",
                "reference": "83e007acf936e2233ac92d7368b87716f2bae338",
                "shasum": ""
            },
            "require": {
                "php": ">=7.0"
            },
            "suggest": {
                "ext-event": "For better performance. "
            },
            "type": "library",
            "autoload": {
                "psr-4": {
                    "Workerman\\": "./"
                }
            },
            "notification-url": "https://packagist.org/downloads/",
            "license": [
                "MIT"
            ],
            "authors": [
                {
                    "name": "walkor",
                    "email": "walkor@workerman.net",
                    "homepage": "http://www.workerman.net",
                    "role": "Developer"
                }
            ],
            "description": "An asynchronous event driven PHP framework for easily building fast, scalable network applications.",
            "homepage": "http://www.workerman.net",
            "keywords": [
                "asynchronous",
                "event-loop"
            ],
            "support": {
                "email": "walkor@workerman.net",
                "forum": "http://wenda.workerman.net/",
                "issues": "https://github.com/walkor/workerman/issues",
                "source": "https://github.com/walkor/workerman",
                "wiki": "http://doc.workerman.net/"
            },
            "funding": [
                {
                    "url": "https://opencollective.com/workerman",
                    "type": "open_collective"
                },
                {
                    "url": "https://www.patreon.com/walkor",
                    "type": "patreon"
                }
            ],
            "time": "2022-10-09T11:33:14+00:00"
        }
    ],
    "packages-dev": [],
    "aliases": [],
    "minimum-stability": "stable",
    "stability-flags": [],
    "prefer-stable": false,
    "prefer-lowest": false,
    "platform": {
        "php": ">=7.2.0"
    },
    "platform-dev": [],
    "plugin-api-version": "2.2.0"
}
